<?xml version="1.0" encoding="utf-8"?>
<Project ToolsVersion="4.0" xmlns="http://schemas.microsoft.com/developer/msbuild/2003">
  <ItemGroup>
    <Filter Include="Source Files">
      <UniqueIdentifier>{4FC737F1-C7A5-4376-A066-2A32D752A2FF}</UniqueIdentifier>
      <Extensions>cpp;c;cc;cxx;def;odl;idl;hpj;bat;asm;asmx</Extensions>
    </Filter>
    <Filter Include="Header Files">
      <UniqueIdentifier>{93995380-89BD-4b04-88EB-625FBE52EBFB}</UniqueIdentifier>
      <Extensions>h;hh;hpp;hxx;hm;inl;inc;ipp;xsd</Extensions>
    </Filter>
    <Filter Include="Resource Files">
      <UniqueIdentifier>{67DA6AB6-F800-4c08-8B7A-83BB121AAD01}</UniqueIdentifier>
      <Extensions>rc;ico;cur;bmp;dlg;rc2;rct;bin;rgs;gif;jpg;jpeg;jpe;resx;tiff;tif;png;wav;mfcribbon-ms</Extensions>
    </Filter>
    <Filter Include="Source Files\renderer">
      <UniqueIdentifier>{bd28ec36-f718-4a5f-90af-97b91d7573a2}</UniqueIdentifier>
    </Filter>
    <Filter Include="Source Files\renderer\vulkan">
      <UniqueIdentifier>{0e6a14f6-a0e2-4641-854d-a35a15b09a62}</UniqueIdentifier>
    </Filter>
    <Filter Include="Header Files\renderer">
      <UniqueIdentifier>{2cd896d9-39e6-4ae8-8a01-641576ec8bcf}</UniqueIdentifier>
    </Filter>
    <Filter Include="Header Files\renderer\vulkan">
      <UniqueIdentifier>{d68a73cc-21ca-45e2-857d-3d7130900c43}</UniqueIdentifier>
    </Filter>
    <Filter Include="Source Files\model">
      <UniqueIdentifier>{14a19b80-8bf6-43e2-a701-91e124a19c7a}</UniqueIdentifier>
    </Filter>
    <Filter Include="Header Files\model">
      <UniqueIdentifier>{722f4a40-5d3f-47a3-9e7a-c0c50360a23a}</UniqueIdentifier>
    </Filter>
    <Filter Include="Source Files\camera">
      <UniqueIdentifier>{56c8662f-f16e-43fb-851a-b522fe262ad8}</UniqueIdentifier>
    </Filter>
    <Filter Include="Header Files\camera">
      <UniqueIdentifier>{1f4869a3-6c14-4694-b78a-12c59a34c148}</UniqueIdentifier>
    </Filter>
  </ItemGroup>
  <ItemGroup>
    <ClCompile Include="main.cpp">
      <Filter>Source Files</Filter>
    </ClCompile>
    <ClCompile Include="renderer\VideoInfo.cpp">
      <Filter>Source Files\renderer</Filter>
    </ClCompile>
    <ClCompile Include="renderer\vulkan\vInitializer.cpp">
      <Filter>Source Files\renderer\vulkan</Filter>
    </ClCompile>
    <ClCompile Include="model\ModelLoader.cpp">
      <Filter>Source Files\model</Filter>
    </ClCompile>
    <ClCompile Include="camera\Camera.cpp">
      <Filter>Source Files\camera</Filter>
    </ClCompile>
  </ItemGroup>
  <ItemGroup>
    <ClInclude Include="renderer\VideoInfo.h">
      <Filter>Header Files\renderer</Filter>
    </ClInclude>
    <ClInclude Include="renderer\vulkan\vInitializer.h">
      <Filter>Header Files\renderer\vulkan</Filter>
    </ClInclude>
    <ClInclude Include="model\ModelLoader.h">
      <Filter>Header Files\model</Filter>
    </ClInclude>
    <ClInclude Include="camera\Camera.h">
      <Filter>Header Files\camera</Filter>
    </ClInclude>
  </ItemGroup>
</Project>